# This file is automatically @generated by Poetry 1.5.1 and should not be changed by hand.

[[package]]
name = "hh"
version = "2.0.0"
description = "The enumeration of HTTP headers."
optional = false
python-versions = "*"
files = [
    {file = "hh-2.0.0-py2.py3-none-any.whl", hash = "sha256:4e7a8c789bc4d72b2996b1b67674bf8a8c0719074513ddfd3d32f7cd1ca99797"},
]

[metadata]
lock-version = "2.0"
python-versions = "^3.11"
content-hash = "6fdced4c96d9cbcde56cbde07cc67c7e3f262364a4ffb1915d9541a1f54a156e"
